{
  "name": "sancasia_zero-base",
  "version": "0.0.0",
  "lockfileVersion": 1,
  "requires": true,
  "dependencies": {
    "sancasia_zero-core": {
      "version": "1.1.0",
      "resolved": "https://registry.npmjs.org/sancasia_zero-core/-/sancasia_zero-core-1.1.0.tgz",
      "integrity": "sha512-/rB+11PakURyZ0LI/2969LNXvCsjCg1TAce1fXzw8uLznUVnumj0HZr55toAg7k7FuvwrWROFQFd/6CZu11gzA=="
    }
  }
}
